
Microsoft Visual Studio Solution File, Format Version 12.00
# Visual Studio Version 16
VisualStudioVersion = 16.0.29215.179
MinimumVisualStudioVersion = 10.0.40219.1
Project("{FAE04EC0-301F-11D3-BF4B-00C04F79EFBC}") = "SayHello", "SayHello\SayHello.csproj", "{596028D2-0B54-4A8A-B9C1-4F12CA0EDB53}"
EndProject
Global
	GlobalSection(SolutionConfigurationPlatforms) = preSolution
		Debug|ARM = Debug|ARM
		Debug|ARM64 = Debug|ARM64
		Debug|x64 = Debug|x64
		Debug|x86 = Debug|x86
		Release|ARM = Release|ARM
		Release|ARM64 = Release|ARM64
		Release|x64 = Release|x64
		Release|x86 = Release|x86
	EndGlobalSection
	GlobalSection(ProjectConfigurationPlatforms) = postSolution
		{596028D2-0B54-4A8A-B9C1-4F12CA0EDB53}.Debug|ARM.ActiveCfg = Debug|ARM
		{596028D2-0B54-4A8A-B9C1-4F12CA0EDB53}.Debug|ARM.Build.0 = Debug|ARM
		{596028D2-0B54-4A8A-B9C1-4F12CA0EDB53}.Debug|ARM.Deploy.0 = Debug|ARM
		{596028D2-0B54-4A8A-B9C1-4F12CA0EDB53}.Debug|ARM64.ActiveCfg = Debug|ARM64
		{596028D2-0B54-4A8A-B9C1-4F12CA0EDB53}.Debug|ARM64.Build.0 = Debug|ARM64
		{596028D2-0B54-4A8A-B9C1-4F12CA0EDB53}.Debug|ARM64.Deploy.0 = Debug|ARM64
		{596028D2-0B54-4A8A-B9C1-4F12CA0EDB53}.Debug|x64.ActiveCfg = Debug|x64
		{596028D2-0B54-4A8A-B9C1-4F12CA0EDB53}.Debug|x64.Build.0 = Debug|x64
		{596028D2-0B54-4A8A-B9C1-4F12CA0EDB53}.Debug|x64.Deploy.0 = Debug|x64
		{596028D2-0B54-4A8A-B9C1-4F12CA0EDB53}.Debug|x86.ActiveCfg = Debug|x86
		{596028D2-0B54-4A8A-B9C1-4F12CA0EDB53}.Debug|x86.Build.0 = Debug|x86
		{596028D2-0B54-4A8A-B9C1-4F12CA0EDB53}.Debug|x86.Deploy.0 = Debug|x86
		{596028D2-0B54-4A8A-B9C1-4F12CA0EDB53}.Release|ARM.ActiveCfg = Release|ARM
		{596028D2-0B54-4A8A-B9C1-4F12CA0EDB53}.Release|ARM.Build.0 = Release|ARM
		{596028D2-0B54-4A8A-B9C1-4F12CA0EDB53}.Release|ARM.Deploy.0 = Release|ARM
		{596028D2-0B54-4A8A-B9C1-4F12CA0EDB53}.Release|ARM64.ActiveCfg = Release|ARM64
		{596028D2-0B54-4A8A-B9C1-4F12CA0EDB53}.Release|ARM64.Build.0 = Release|ARM64
		{596028D2-0B54-4A8A-B9C1-4F12CA0EDB53}.Release|ARM64.Deploy.0 = Release|ARM64
		{596028D2-0B54-4A8A-B9C1-4F12CA0EDB53}.Release|x64.ActiveCfg = Release|x64
		{596028D2-0B54-4A8A-B9C1-4F12CA0EDB53}.Release|x64.Build.0 = Release|x64
		{596028D2-0B54-4A8A-B9C1-4F12CA0EDB53}.Release|x64.Deploy.0 = Release|x64
		{596028D2-0B54-4A8A-B9C1-4F12CA0EDB53}.Release|x86.ActiveCfg = Release|x86
		{596028D2-0B54-4A8A-B9C1-4F12CA0EDB53}.Release|x86.Build.0 = Release|x86
		{596028D2-0B54-4A8A-B9C1-4F12CA0EDB53}.Release|x86.Deploy.0 = Release|x86
	EndGlobalSection
	GlobalSection(SolutionProperties) = preSolution
		HideSolutionNode = FALSE
	EndGlobalSection
	GlobalSection(ExtensibilityGlobals) = postSolution
		SolutionGuid = {B7702C77-7E62-4A52-B1BF-ECC8E42A3F87}
	EndGlobalSection
EndGlobal
